
Microsoft Visual Studio Solution File, Format Version 12.00
# Visual Studio Version 17
VisualStudioVersion = 17.3.32825.248
MinimumVisualStudioVersion = 10.0.40219.1
Project("{9A19103F-16F7-4668-BE54-9A1E7A4F7556}") = "API", "API\API.csproj", "{279B2A7C-795A-422A-BC0F-A21EFAD205CB}"
EndProject
Project("{9A19103F-16F7-4668-BE54-9A1E7A4F7556}") = "Contracts", "Contracts\Contracts.csproj", "{AD3351A5-DCD3-4101-BBD6-C8CD03B70D82}"
EndProject
Project("{9A19103F-16F7-4668-BE54-9A1E7A4F7556}") = "LoggerService", "LoggerService\LoggerService.csproj", "{6631BFB4-D86A-447C-B106-9A51A70F7FD2}"
EndProject
Project("{9A19103F-16F7-4668-BE54-9A1E7A4F7556}") = "Entities", "Entities\Entities.csproj", "{33BB1EE2-DFBF-44BD-A7A5-32C74A3DA092}"
EndProject
Project("{9A19103F-16F7-4668-BE54-9A1E7A4F7556}") = "Repository", "Repository\Repository.csproj", "{D3026DEE-5F37-4946-8405-A4A0554EA8AB}"
EndProject
Project("{2150E333-8FDC-42A3-9474-1A3956D46DE8}") = "src", "src", "{F4B911B5-9133-4AF6-8288-807D08BB57C6}"
EndProject
Project("{2150E333-8FDC-42A3-9474-1A3956D46DE8}") = "tests", "tests", "{305FC011-9C28-4D21-96A9-0EA66A0D2F75}"
EndProject
Project("{FAE04EC0-301F-11D3-BF4B-00C04F79EFBC}") = "Tests", "Tests\Tests.csproj", "{5AE92B84-5E2B-4267-89AB-8EAF24C4E936}"
EndProject
Global
	GlobalSection(SolutionConfigurationPlatforms) = preSolution
		Debug|Any CPU = Debug|Any CPU
		Release|Any CPU = Release|Any CPU
	EndGlobalSection
	GlobalSection(ProjectConfigurationPlatforms) = postSolution
		{279B2A7C-795A-422A-BC0F-A21EFAD205CB}.Debug|Any CPU.ActiveCfg = Debug|Any CPU
		{279B2A7C-795A-422A-BC0F-A21EFAD205CB}.Debug|Any CPU.Build.0 = Debug|Any CPU
		{279B2A7C-795A-422A-BC0F-A21EFAD205CB}.Release|Any CPU.ActiveCfg = Release|Any CPU
		{279B2A7C-795A-422A-BC0F-A21EFAD205CB}.Release|Any CPU.Build.0 = Release|Any CPU
		{AD3351A5-DCD3-4101-BBD6-C8CD03B70D82}.Debug|Any CPU.ActiveCfg = Debug|Any CPU
		{AD3351A5-DCD3-4101-BBD6-C8CD03B70D82}.Debug|Any CPU.Build.0 = Debug|Any CPU
		{AD3351A5-DCD3-4101-BBD6-C8CD03B70D82}.Release|Any CPU.ActiveCfg = Release|Any CPU
		{AD3351A5-DCD3-4101-BBD6-C8CD03B70D82}.Release|Any CPU.Build.0 = Release|Any CPU
		{6631BFB4-D86A-447C-B106-9A51A70F7FD2}.Debug|Any CPU.ActiveCfg = Debug|Any CPU
		{6631BFB4-D86A-447C-B106-9A51A70F7FD2}.Debug|Any CPU.Build.0 = Debug|Any CPU
		{6631BFB4-D86A-447C-B106-9A51A70F7FD2}.Release|Any CPU.ActiveCfg = Release|Any CPU
		{6631BFB4-D86A-447C-B106-9A51A70F7FD2}.Release|Any CPU.Build.0 = Release|Any CPU
		{33BB1EE2-DFBF-44BD-A7A5-32C74A3DA092}.Debug|Any CPU.ActiveCfg = Debug|Any CPU
		{33BB1EE2-DFBF-44BD-A7A5-32C74A3DA092}.Debug|Any CPU.Build.0 = Debug|Any CPU
		{33BB1EE2-DFBF-44BD-A7A5-32C74A3DA092}.Release|Any CPU.ActiveCfg = Release|Any CPU
		{33BB1EE2-DFBF-44BD-A7A5-32C74A3DA092}.Release|Any CPU.Build.0 = Release|Any CPU
		{D3026DEE-5F37-4946-8405-A4A0554EA8AB}.Debug|Any CPU.ActiveCfg = Debug|Any CPU
		{D3026DEE-5F37-4946-8405-A4A0554EA8AB}.Debug|Any CPU.Build.0 = Debug|Any CPU
		{D3026DEE-5F37-4946-8405-A4A0554EA8AB}.Release|Any CPU.ActiveCfg = Release|Any CPU
		{D3026DEE-5F37-4946-8405-A4A0554EA8AB}.Release|Any CPU.Build.0 = Release|Any CPU
		{5AE92B84-5E2B-4267-89AB-8EAF24C4E936}.Debug|Any CPU.ActiveCfg = Debug|Any CPU
		{5AE92B84-5E2B-4267-89AB-8EAF24C4E936}.Debug|Any CPU.Build.0 = Debug|Any CPU
		{5AE92B84-5E2B-4267-89AB-8EAF24C4E936}.Release|Any CPU.ActiveCfg = Release|Any CPU
		{5AE92B84-5E2B-4267-89AB-8EAF24C4E936}.Release|Any CPU.Build.0 = Release|Any CPU
	EndGlobalSection
	GlobalSection(SolutionProperties) = preSolution
		HideSolutionNode = FALSE
	EndGlobalSection
	GlobalSection(NestedProjects) = preSolution
		{279B2A7C-795A-422A-BC0F-A21EFAD205CB} = {F4B911B5-9133-4AF6-8288-807D08BB57C6}
		{AD3351A5-DCD3-4101-BBD6-C8CD03B70D82} = {F4B911B5-9133-4AF6-8288-807D08BB57C6}
		{6631BFB4-D86A-447C-B106-9A51A70F7FD2} = {F4B911B5-9133-4AF6-8288-807D08BB57C6}
		{33BB1EE2-DFBF-44BD-A7A5-32C74A3DA092} = {F4B911B5-9133-4AF6-8288-807D08BB57C6}
		{D3026DEE-5F37-4946-8405-A4A0554EA8AB} = {F4B911B5-9133-4AF6-8288-807D08BB57C6}
		{5AE92B84-5E2B-4267-89AB-8EAF24C4E936} = {305FC011-9C28-4D21-96A9-0EA66A0D2F75}
	EndGlobalSection
	GlobalSection(ExtensibilityGlobals) = postSolution
		SolutionGuid = {85F8B713-C8AD-4855-A1F4-1A91D5D6F790}
	EndGlobalSection
EndGlobal
